// !$*UTF8*$!
{
	archiveVersion = 1;
	classes = {
	};
	objectVersion = 46;
	objects = {

/* Begin PBXBuildFile section */
		1112D3421A35616A00B97BFF /* Foundation.framework in Frameworks */ = {isa = PBXBuildFile; fileRef = 1112D3411A35616A00B97BFF /* Foundation.framework */; };
		1112D3441A35616A00B97BFF /* CoreGraphics.framework in Frameworks */ = {isa = PBXBuildFile; fileRef = 1112D3431A35616A00B97BFF /* CoreGraphics.framework */; };
		1112D3461A35616A00B97BFF /* UIKit.framework in Frameworks */ = {isa = PBXBuildFile; fileRef = 1112D3451A35616A00B97BFF /* UIKit.framework */; };
		1112D34C1A35616A00B97BFF /* InfoPlist.strings in Resources */ = {isa = PBXBuildFile; fileRef = 1112D34A1A35616A00B97BFF /* InfoPlist.strings */; };
		1112D34E1A35616A00B97BFF /* main.m in Sources */ = {isa = PBXBuildFile; fileRef = 1112D34D1A35616A00B97BFF /* main.m */; };
		1112D3521A35616A00B97BFF /* XZZAppDelegate.m in Sources */ = {isa = PBXBuildFile; fileRef = 1112D3511A35616A00B97BFF /* XZZAppDelegate.m */; };
		1112D3551A35616A00B97BFF /* Main_iPhone.storyboard in Resources */ = {isa = PBXBuildFile; fileRef = 1112D3531A35616A00B97BFF /* Main_iPhone.storyboard */; };
		1112D3581A35616A00B97BFF /* Main_iPad.storyboard in Resources */ = {isa = PBXBuildFile; fileRef = 1112D3561A35616A00B97BFF /* Main_iPad.storyboard */; };
		1112D35B1A35616A00B97BFF /* XZZViewController.m in Sources */ = {isa = PBXBuildFile; fileRef = 1112D35A1A35616A00B97BFF /* XZZViewController.m */; };
		1112D35D1A35616A00B97BFF /* Images.xcassets in Resources */ = {isa = PBXBuildFile; fileRef = 1112D35C1A35616A00B97BFF /* Images.xcassets */; };
		1112D3641A35616B00B97BFF /* XCTest.framework in Frameworks */ = {isa = PBXBuildFile; fileRef = 1112D3631A35616B00B97BFF /* XCTest.framework */; };
		1112D3651A35616B00B97BFF /* Foundation.framework in Frameworks */ = {isa = PBXBuildFile; fileRef = 1112D3411A35616A00B97BFF /* Foundation.framework */; };
		1112D3661A35616B00B97BFF /* UIKit.framework in Frameworks */ = {isa = PBXBuildFile; fileRef = 1112D3451A35616A00B97BFF /* UIKit.framework */; };
		1112D36E1A35616B00B97BFF /* InfoPlist.strings in Resources */ = {isa = PBXBuildFile; fileRef = 1112D36C1A35616B00B97BFF /* InfoPlist.strings */; };
		1112D3701A35616B00B97BFF /* Passing_Data_Challenge_SolutionTests.m in Sources */ = {isa = PBXBuildFile; fileRef = 1112D36F1A35616B00B97BFF /* Passing_Data_Challenge_SolutionTests.m */; };
		1112D37B1A35620200B97BFF /* XZZDetailViewController.m in Sources */ = {isa = PBXBuildFile; fileRef = 1112D37A1A35620200B97BFF /* XZZDetailViewController.m */; };
/* End PBXBuildFile section */

/* Begin PBXContainerItemProxy section */
		1112D3671A35616B00B97BFF /* PBXContainerItemProxy */ = {
			isa = PBXContainerItemProxy;
			containerPortal = 1112D3361A35616A00B97BFF /* Project object */;
			proxyType = 1;
			remoteGlobalIDString = 1112D33D1A35616A00B97BFF;
			remoteInfo = "Passing Data Challenge Solution";
		};
/* End PBXContainerItemProxy section */

/* Begin PBXFileReference section */
		1112D33E1A35616A00B97BFF /* Passing Data Challenge Solution.app */ = {isa = PBXFileReference; explicitFileType = wrapper.application; includeInIndex = 0; path = "Passing Data Challenge Solution.app"; sourceTree = BUILT_PRODUCTS_DIR; };
		1112D3411A35616A00B97BFF /* Foundation.framework */ = {isa = PBXFileReference; lastKnownFileType = wrapper.framework; name = Foundation.framework; path = System/Library/Frameworks/Foundation.framework; sourceTree = SDKROOT; };
		1112D3431A35616A00B97BFF /* CoreGraphics.framework */ = {isa = PBXFileReference; lastKnownFileType = wrapper.framework; name = CoreGraphics.framework; path = System/Library/Frameworks/CoreGraphics.framework; sourceTree = SDKROOT; };
		1112D3451A35616A00B97BFF /* UIKit.framework */ = {isa = PBXFileReference; lastKnownFileType = wrapper.framework; name = UIKit.framework; path = System/Library/Frameworks/UIKit.framework; sourceTree = SDKROOT; };
		1112D3491A35616A00B97BFF /* Passing Data Challenge Solution-Info.plist */ = {isa = PBXFileReference; lastKnownFileType = text.plist.xml; path = "Passing Data Challenge Solution-Info.plist"; sourceTree = "<group>"; };
		1112D34B1A35616A00B97BFF /* en */ = {isa = PBXFileReference; lastKnownFileType = text.plist.strings; name = en; path = en.lproj/InfoPlist.strings; sourceTree = "<group>"; };
		1112D34D1A35616A00B97BFF /* main.m */ = {isa = PBXFileReference; lastKnownFileType = sourcecode.c.objc; path = main.m; sourceTree = "<group>"; };
		1112D34F1A35616A00B97BFF /* Passing Data Challenge Solution-Prefix.pch */ = {isa = PBXFileReference; lastKnownFileType = sourcecode.c.h; path = "Passing Data Challenge Solution-Prefix.pch"; sourceTree = "<group>"; };
		1112D3501A35616A00B97BFF /* XZZAppDelegate.h */ = {isa = PBXFileReference; lastKnownFileType = sourcecode.c.h; path = XZZAppDelegate.h; sourceTree = "<group>"; };
		1112D3511A35616A00B97BFF /* XZZAppDelegate.m */ = {isa = PBXFileReference; lastKnownFileType = sourcecode.c.objc; path = XZZAppDelegate.m; sourceTree = "<group>"; };
		1112D3541A35616A00B97BFF /* Base */ = {isa = PBXFileReference; lastKnownFileType = file.storyboard; name = Base; path = Base.lproj/Main_iPhone.storyboard; sourceTree = "<group>"; };
		1112D3571A35616A00B97BFF /* Base */ = {isa = PBXFileReference; lastKnownFileType = file.storyboard; name = Base; path = Base.lproj/Main_iPad.storyboard; sourceTree = "<group>"; };
		1112D3591A35616A00B97BFF /* XZZViewController.h */ = {isa = PBXFileReference; lastKnownFileType = sourcecode.c.h; path = XZZViewController.h; sourceTree = "<group>"; };
		1112D35A1A35616A00B97BFF /* XZZViewController.m */ = {isa = PBXFileReference; lastKnownFileType = sourcecode.c.objc; path = XZZViewController.m; sourceTree = "<group>"; };
		1112D35C1A35616A00B97BFF /* Images.xcassets */ = {isa = PBXFileReference; lastKnownFileType = folder.assetcatalog; path = Images.xcassets; sourceTree = "<group>"; };
		1112D3621A35616B00B97BFF /* Passing Data Challenge SolutionTests.xctest */ = {isa = PBXFileReference; explicitFileType = wrapper.cfbundle; includeInIndex = 0; path = "Passing Data Challenge SolutionTests.xctest"; sourceTree = BUILT_PRODUCTS_DIR; };
		1112D3631A35616B00B97BFF /* XCTest.framework */ = {isa = PBXFileReference; lastKnownFileType = wrapper.framework; name = XCTest.framework; path = Library/Frameworks/XCTest.framework; sourceTree = DEVELOPER_DIR; };
		1112D36B1A35616B00B97BFF /* Passing Data Challenge SolutionTests-Info.plist */ = {isa = PBXFileReference; lastKnownFileType = text.plist.xml; path = "Passing Data Challenge SolutionTests-Info.plist"; sourceTree = "<group>"; };
		1112D36D1A35616B00B97BFF /* en */ = {isa = PBXFileReference; lastKnownFileType = text.plist.strings; name = en; path = en.lproj/InfoPlist.strings; sourceTree = "<group>"; };
		1112D36F1A35616B00B97BFF /* Passing_Data_Challenge_SolutionTests.m */ = {isa = PBXFileReference; lastKnownFileType = sourcecode.c.objc; path = Passing_Data_Challenge_SolutionTests.m; sourceTree = "<group>"; };
		1112D3791A35620200B97BFF /* XZZDetailViewController.h */ = {isa = PBXFileReference; fileEncoding = 4; lastKnownFileType = sourcecode.c.h; path = XZZDetailViewController.h; sourceTree = "<group>"; };
		1112D37A1A35620200B97BFF /* XZZDetailViewController.m */ = {isa = PBXFileReference; fileEncoding = 4; lastKnownFileType = sourcecode.c.objc; path = XZZDetailViewController.m; sourceTree = "<group>"; };
/* End PBXFileReference section */

/* Begin PBXFrameworksBuildPhase section */
		1112D33B1A35616A00B97BFF /* Frameworks */ = {
			isa = PBXFrameworksBuildPhase;
			buildActionMask = 2147483647;
			files = (
				1112D3441A35616A00B97BFF /* CoreGraphics.framework in Frameworks */,
				1112D3461A35616A00B97BFF /* UIKit.framework in Frameworks */,
				1112D3421A35616A00B97BFF /* Foundation.framework in Frameworks */,
			);
			runOnlyForDeploymentPostprocessing = 0;
		};
		1112D35F1A35616A00B97BFF /* Frameworks */ = {
			isa = PBXFrameworksBuildPhase;
			buildActionMask = 2147483647;
			files = (
				1112D3641A35616B00B97BFF /* XCTest.framework in Frameworks */,
				1112D3661A35616B00B97BFF /* UIKit.framework in Frameworks */,
				1112D3651A35616B00B97BFF /* Foundation.framework in Frameworks */,
			);
			runOnlyForDeploymentPostprocessing = 0;
		};
/* End PBXFrameworksBuildPhase section */

/* Begin PBXGroup section */
		1112D3351A35616A00B97BFF = {
			isa = PBXGroup;
			children = (
				1112D3471A35616A00B97BFF /* Passing Data Challenge Solution */,
				1112D3691A35616B00B97BFF /* Passing Data Challenge SolutionTests */,
				1112D3401A35616A00B97BFF /* Frameworks */,
				1112D33F1A35616A00B97BFF /* Products */,
			);
			sourceTree = "<group>";
		};
		1112D33F1A35616A00B97BFF /* Products */ = {
			isa = PBXGroup;
			children = (
				1112D33E1A35616A00B97BFF /* Passing Data Challenge Solution.app */,
				1112D3621A35616B00B97BFF /* Passing Data Challenge SolutionTests.xctest */,
			);
			name = Products;
			sourceTree = "<group>";
		};
		1112D3401A35616A00B97BFF /* Frameworks */ = {
			isa = PBXGroup;
			children = (
				1112D3411A35616A00B97BFF /* Foundation.framework */,
				1112D3431A35616A00B97BFF /* CoreGraphics.framework */,
				1112D3451A35616A00B97BFF /* UIKit.framework */,
				1112D3631A35616B00B97BFF /* XCTest.framework */,
			);
			name = Frameworks;
			sourceTree = "<group>";
		};
		1112D3471A35616A00B97BFF /* Passing Data Challenge Solution */ = {
			isa = PBXGroup;
			children = (
				1112D3501A35616A00B97BFF /* XZZAppDelegate.h */,
				1112D3511A35616A00B97BFF /* XZZAppDelegate.m */,
				1112D3531A35616A00B97BFF /* Main_iPhone.storyboard */,
				1112D3561A35616A00B97BFF /* Main_iPad.storyboard */,
				1112D3591A35616A00B97BFF /* XZZViewController.h */,
				1112D35A1A35616A00B97BFF /* XZZViewController.m */,
				1112D3791A35620200B97BFF /* XZZDetailViewController.h */,
				1112D37A1A35620200B97BFF /* XZZDetailViewController.m */,
				1112D35C1A35616A00B97BFF /* Images.xcassets */,
				1112D3481A35616A00B97BFF /* Supporting Files */,
			);
			path = "Passing Data Challenge Solution";
			sourceTree = "<group>";
		};
		1112D3481A35616A00B97BFF /* Supporting Files */ = {
			isa = PBXGroup;
			children = (
				1112D3491A35616A00B97BFF /* Passing Data Challenge Solution-Info.plist */,
				1112D34A1A35616A00B97BFF /* InfoPlist.strings */,
				1112D34D1A35616A00B97BFF /* main.m */,
				1112D34F1A35616A00B97BFF /* Passing Data Challenge Solution-Prefix.pch */,
			);
			name = "Supporting Files";
			sourceTree = "<group>";
		};
		1112D3691A35616B00B97BFF /* Passing Data Challenge SolutionTests */ = {
			isa = PBXGroup;
			children = (
				1112D36F1A35616B00B97BFF /* Passing_Data_Challenge_SolutionTests.m */,
				1112D36A1A35616B00B97BFF /* Supporting Files */,
			);
			path = "Passing Data Challenge SolutionTests";
			sourceTree = "<group>";
		};
		1112D36A1A35616B00B97BFF /* Supporting Files */ = {
			isa = PBXGroup;
			children = (
				1112D36B1A35616B00B97BFF /* Passing Data Challenge SolutionTests-Info.plist */,
				1112D36C1A35616B00B97BFF /* InfoPlist.strings */,
			);
			name = "Supporting Files";
			sourceTree = "<group>";
		};
/* End PBXGroup section */

/* Begin PBXNativeTarget section */
		1112D33D1A35616A00B97BFF /* Passing Data Challenge Solution */ = {
			isa = PBXNativeTarget;
			buildConfigurationList = 1112D3731A35616B00B97BFF /* Build configuration list for PBXNativeTarget "Passing Data Challenge Solution" */;
			buildPhases = (
				1112D33A1A35616A00B97BFF /* Sources */,
				1112D33B1A35616A00B97BFF /* Frameworks */,
				1112D33C1A35616A00B97BFF /* Resources */,
			);
			buildRules = (
			);
			dependencies = (
			);
			name = "Passing Data Challenge Solution";
			productName = "Passing Data Challenge Solution";
			productReference = 1112D33E1A35616A00B97BFF /* Passing Data Challenge Solution.app */;
			productType = "com.apple.product-type.application";
		};
		1112D3611A35616A00B97BFF /* Passing Data Challenge SolutionTests */ = {
			isa = PBXNativeTarget;
			buildConfigurationList = 1112D3761A35616B00B97BFF /* Build configuration list for PBXNativeTarget "Passing Data Challenge SolutionTests" */;
			buildPhases = (
				1112D35E1A35616A00B97BFF /* Sources */,
				1112D35F1A35616A00B97BFF /* Frameworks */,
				1112D3601A35616A00B97BFF /* Resources */,
			);
			buildRules = (
			);
			dependencies = (
				1112D3681A35616B00B97BFF /* PBXTargetDependency */,
			);
			name = "Passing Data Challenge SolutionTests";
			productName = "Passing Data Challenge SolutionTests";
			productReference = 1112D3621A35616B00B97BFF /* Passing Data Challenge SolutionTests.xctest */;
			productType = "com.apple.product-type.bundle.unit-test";
		};
/* End PBXNativeTarget section */

/* Begin PBXProject section */
		1112D3361A35616A00B97BFF /* Project object */ = {
			isa = PBXProject;
			attributes = {
				CLASSPREFIX = XZZ;
				LastUpgradeCheck = 0510;
				ORGANIZATIONNAME = 1st1k;
				TargetAttributes = {
					1112D3611A35616A00B97BFF = {
						TestTargetID = 1112D33D1A35616A00B97BFF;
					};
				};
			};
			buildConfigurationList = 1112D3391A35616A00B97BFF /* Build configuration list for PBXProject "Passing Data Challenge Solution" */;
			compatibilityVersion = "Xcode 3.2";
			developmentRegion = English;
			hasScannedForEncodings = 0;
			knownRegions = (
				en,
				Base,
			);
			mainGroup = 1112D3351A35616A00B97BFF;
			productRefGroup = 1112D33F1A35616A00B97BFF /* Products */;
			projectDirPath = "";
			projectRoot = "";
			targets = (
				1112D33D1A35616A00B97BFF /* Passing Data Challenge Solution */,
				1112D3611A35616A00B97BFF /* Passing Data Challenge SolutionTests */,
			);
		};
/* End PBXProject section */

/* Begin PBXResourcesBuildPhase section */
		1112D33C1A35616A00B97BFF /* Resources */ = {
			isa = PBXResourcesBuildPhase;
			buildActionMask = 2147483647;
			files = (
				1112D3581A35616A00B97BFF /* Main_iPad.storyboard in Resources */,
				1112D35D1A35616A00B97BFF /* Images.xcassets in Resources */,
				1112D3551A35616A00B97BFF /* Main_iPhone.storyboard in Resources */,
				1112D34C1A35616A00B97BFF /* InfoPlist.strings in Resources */,
			);
			runOnlyForDeploymentPostprocessing = 0;
		};
		1112D3601A35616A00B97BFF /* Resources */ = {
			isa = PBXResourcesBuildPhase;
			buildActionMask = 2147483647;
			files = (
				1112D36E1A35616B00B97BFF /* InfoPlist.strings in Resources */,
			);
			runOnlyForDeploymentPostprocessing = 0;
		};
/* End PBXResourcesBuildPhase section */

/* Begin PBXSourcesBuildPhase section */
		1112D33A1A35616A00B97BFF /* Sources */ = {
			isa = PBXSourcesBuildPhase;
			buildActionMask = 2147483647;
			files = (
				1112D34E1A35616A00B97BFF /* main.m in Sources */,
				1112D3521A35616A00B97BFF /* XZZAppDelegate.m in Sources */,
				1112D37B1A35620200B97BFF /* XZZDetailViewController.m in Sources */,
				1112D35B1A35616A00B97BFF /* XZZViewController.m in Sources */,
			);
			runOnlyForDeploymentPostprocessing = 0;
		};
		1112D35E1A35616A00B97BFF /* Sources */ = {
			isa = PBXSourcesBuildPhase;
			buildActionMask = 2147483647;
			files = (
				1112D3701A35616B00B97BFF /* Passing_Data_Challenge_SolutionTests.m in Sources */,
			);
			runOnlyForDeploymentPostprocessing = 0;
		};
/* End PBXSourcesBuildPhase section */

/* Begin PBXTargetDependency section */
		1112D3681A35616B00B97BFF /* PBXTargetDependency */ = {
			isa = PBXTargetDependency;
			target = 1112D33D1A35616A00B97BFF /* Passing Data Challenge Solution */;
			targetProxy = 1112D3671A35616B00B97BFF /* PBXContainerItemProxy */;
		};
/* End PBXTargetDependency section */

/* Begin PBXVariantGroup section */
		1112D34A1A35616A00B97BFF /* InfoPlist.strings */ = {
			isa = PBXVariantGroup;
			children = (
				1112D34B1A35616A00B97BFF /* en */,
			);
			name = InfoPlist.strings;
			sourceTree = "<group>";
		};
		1112D3531A35616A00B97BFF /* Main_iPhone.storyboard */ = {
			isa = PBXVariantGroup;
			children = (
				1112D3541A35616A00B97BFF /* Base */,
			);
			name = Main_iPhone.storyboard;
			sourceTree = "<group>";
		};
		1112D3561A35616A00B97BFF /* Main_iPad.storyboard */ = {
			isa = PBXVariantGroup;
			children = (
				1112D3571A35616A00B97BFF /* Base */,
			);
			name = Main_iPad.storyboard;
			sourceTree = "<group>";
		};
		1112D36C1A35616B00B97BFF /* InfoPlist.strings */ = {
			isa = PBXVariantGroup;
			children = (
				1112D36D1A35616B00B97BFF /* en */,
			);
			name = InfoPlist.strings;
			sourceTree = "<group>";
		};
/* End PBXVariantGroup section */

/* Begin XCBuildConfiguration section */
		1112D3711A35616B00B97BFF /* Debug */ = {
			isa = XCBuildConfiguration;
			buildSettings = {
				ALWAYS_SEARCH_USER_PATHS = NO;
				CLANG_CXX_LANGUAGE_STANDARD = "gnu++0x";
				CLANG_CXX_LIBRARY = "libc++";
				CLANG_ENABLE_MODULES = YES;
				CLANG_ENABLE_OBJC_ARC = YES;
				CLANG_WARN_BOOL_CONVERSION = YES;
				CLANG_WARN_CONSTANT_CONVERSION = YES;
				CLANG_WARN_DIRECT_OBJC_ISA_USAGE = YES_ERROR;
				CLANG_WARN_EMPTY_BODY = YES;
				CLANG_WARN_ENUM_CONVERSION = YES;
				CLANG_WARN_INT_CONVERSION = YES;
				CLANG_WARN_OBJC_ROOT_CLASS = YES_ERROR;
				CLANG_WARN__DUPLICATE_METHOD_MATCH = YES;
				"CODE_SIGN_IDENTITY[sdk=iphoneos*]" = "iPhone Developer";
				COPY_PHASE_STRIP = NO;
				GCC_C_LANGUAGE_STANDARD = gnu99;
				GCC_DYNAMIC_NO_PIC = NO;
				GCC_OPTIMIZATION_LEVEL = 0;
				GCC_PREPROCESSOR_DEFINITIONS = (
					"DEBUG=1",
					"$(inherited)",
				);
				GCC_SYMBOLS_PRIVATE_EXTERN = NO;
				GCC_WARN_64_TO_32_BIT_CONVERSION = YES;
				GCC_WARN_ABOUT_RETURN_TYPE = YES_ERROR;
				GCC_WARN_UNDECLARED_SELECTOR = YES;
				GCC_WARN_UNINITIALIZED_AUTOS = YES_AGGRESSIVE;
				GCC_WARN_UNUSED_FUNCTION = YES;
				GCC_WARN_UNUSED_VARIABLE = YES;
				IPHONEOS_DEPLOYMENT_TARGET = 7.1;
				ONLY_ACTIVE_ARCH = YES;
				SDKROOT = iphoneos;
				TARGETED_DEVICE_FAMILY = "1,2";
			};
			name = Debug;
		};
		1112D3721A35616B00B97BFF /* Release */ = {
			isa = XCBuildConfiguration;
			buildSettings = {
				ALWAYS_SEARCH_USER_PATHS = NO;
				CLANG_CXX_LANGUAGE_STANDARD = "gnu++0x";
				CLANG_CXX_LIBRARY = "libc++";
				CLANG_ENABLE_MODULES = YES;
				CLANG_ENABLE_OBJC_ARC = YES;
				CLANG_WARN_BOOL_CONVERSION = YES;
				CLANG_WARN_CONSTANT_CONVERSION = YES;
				CLANG_WARN_DIRECT_OBJC_ISA_USAGE = YES_ERROR;
				CLANG_WARN_EMPTY_BODY = YES;
				CLANG_WARN_ENUM_CONVERSION = YES;
				CLANG_WARN_INT_CONVERSION = YES;
				CLANG_WARN_OBJC_ROOT_CLASS = YES_ERROR;
				CLANG_WARN__DUPLICATE_METHOD_MATCH = YES;
				"CODE_SIGN_IDENTITY[sdk=iphoneos*]" = "iPhone Developer";
				COPY_PHASE_STRIP = YES;
				ENABLE_NS_ASSERTIONS = NO;
				GCC_C_LANGUAGE_STANDARD = gnu99;
				GCC_WARN_64_TO_32_BIT_CONVERSION = YES;
				GCC_WARN_ABOUT_RETURN_TYPE = YES_ERROR;
				GCC_WARN_UNDECLARED_SELECTOR = YES;
				GCC_WARN_UNINITIALIZED_AUTOS = YES_AGGRESSIVE;
				GCC_WARN_UNUSED_FUNCTION = YES;
				GCC_WARN_UNUSED_VARIABLE = YES;
				IPHONEOS_DEPLOYMENT_TARGET = 7.1;
				SDKROOT = iphoneos;
				TARGETED_DEVICE_FAMILY = "1,2";
				VALIDATE_PRODUCT = YES;
			};
			name = Release;
		};
		1112D3741A35616B00B97BFF /* Debug */ = {
			isa = XCBuildConfiguration;
			buildSettings = {
				ASSETCATALOG_COMPILER_APPICON_NAME = AppIcon;
				ASSETCATALOG_COMPILER_LAUNCHIMAGE_NAME = LaunchImage;
				GCC_PRECOMPILE_PREFIX_HEADER = YES;
				GCC_PREFIX_HEADER = "Passing Data Challenge Solution/Passing Data Challenge Solution-Prefix.pch";
				INFOPLIST_FILE = "Passing Data Challenge Solution/Passing Data Challenge Solution-Info.plist";
				PRODUCT_NAME = "$(TARGET_NAME)";
				WRAPPER_EXTENSION = app;
			};
			name = Debug;
		};
		1112D3751A35616B00B97BFF /* Release */ = {
			isa = XCBuildConfiguration;
			buildSettings = {
				ASSETCATALOG_COMPILER_APPICON_NAME = AppIcon;
				ASSETCATALOG_COMPILER_LAUNCHIMAGE_NAME = LaunchImage;
				GCC_PRECOMPILE_PREFIX_HEADER = YES;
				GCC_PREFIX_HEADER = "Passing Data Challenge Solution/Passing Data Challenge Solution-Prefix.pch";
				INFOPLIST_FILE = "Passing Data Challenge Solution/Passing Data Challenge Solution-Info.plist";
				PRODUCT_NAME = "$(TARGET_NAME)";
				WRAPPER_EXTENSION = app;
			};
			name = Release;
		};
		1112D3771A35616B00B97BFF /* Debug */ = {
			isa = XCBuildConfiguration;
			buildSettings = {
				BUNDLE_LOADER = "$(BUILT_PRODUCTS_DIR)/Passing Data Challenge Solution.app/Passing Data Challenge Solution";
				FRAMEWORK_SEARCH_PATHS = (
					"$(SDKROOT)/Developer/Library/Frameworks",
					"$(inherited)",
					"$(DEVELOPER_FRAMEWORKS_DIR)",
				);
				GCC_PRECOMPILE_PREFIX_HEADER = YES;
				GCC_PREFIX_HEADER = "Passing Data Challenge Solution/Passing Data Challenge Solution-Prefix.pch";
				GCC_PREPROCESSOR_DEFINITIONS = (
					"DEBUG=1",
					"$(inherited)",
				);
				INFOPLIST_FILE = "Passing Data Challenge SolutionTests/Passing Data Challenge SolutionTests-Info.plist";
				PRODUCT_NAME = "$(TARGET_NAME)";
				TEST_HOST = "$(BUNDLE_LOADER)";
				WRAPPER_EXTENSION = xctest;
			};
			name = Debug;
		};
		1112D3781A35616B00B97BFF /* Release */ = {
			isa = XCBuildConfiguration;
			buildSettings = {
				BUNDLE_LOADER = "$(BUILT_PRODUCTS_DIR)/Passing Data Challenge Solution.app/Passing Data Challenge Solution";
				FRAMEWORK_SEARCH_PATHS = (
					"$(SDKROOT)/Developer/Library/Frameworks",
					"$(inherited)",
					"$(DEVELOPER_FRAMEWORKS_DIR)",
				);
				GCC_PRECOMPILE_PREFIX_HEADER = YES;
				GCC_PREFIX_HEADER = "Passing Data Challenge Solution/Passing Data Challenge Solution-Prefix.pch";
				INFOPLIST_FILE = "Passing Data Challenge SolutionTests/Passing Data Challenge SolutionTests-Info.plist";
				PRODUCT_NAME = "$(TARGET_NAME)";
				TEST_HOST = "$(BUNDLE_LOADER)";
				WRAPPER_EXTENSION = xctest;
			};
			name = Release;
		};
/* End XCBuildConfiguration section */

/* Begin XCConfigurationList section */
		1112D3391A35616A00B97BFF /* Build configuration list for PBXProject "Passing Data Challenge Solution" */ = {
			isa = XCConfigurationList;
			buildConfigurations = (
				1112D3711A35616B00B97BFF /* Debug */,
				1112D3721A35616B00B97BFF /* Release */,
			);
			defaultConfigurationIsVisible = 0;
			defaultConfigurationName = Release;
		};
		1112D3731A35616B00B97BFF /* Build configuration list for PBXNativeTarget "Passing Data Challenge Solution" */ = {
			isa = XCConfigurationList;
			buildConfigurations = (
				1112D3741A35616B00B97BFF /* Debug */,
				1112D3751A35616B00B97BFF /* Release */,
			);
			defaultConfigurationIsVisible = 0;
		};
		1112D3761A35616B00B97BFF /* Build configuration list for PBXNativeTarget "Passing Data Challenge SolutionTests" */ = {
			isa = XCConfigurationList;
			buildConfigurations = (
				1112D3771A35616B00B97BFF /* Debug */,
				1112D3781A35616B00B97BFF /* Release */,
			);
			defaultConfigurationIsVisible = 0;
		};
/* End XCConfigurationList section */
	};
	rootObject = 1112D3361A35616A00B97BFF /* Project object */;
}
